
Microsoft Visual Studio Solution File, Format Version 12.00
# Visual Studio Version 17
VisualStudioVersion = 17.2.32616.157
MinimumVisualStudioVersion = 10.0.40219.1
Project("{FAE04EC0-301F-11D3-BF4B-00C04F79EFBC}") = "Project", "Project.csproj", "{66EBDB39-7DBF-45C7-AB97-BA2B344EB5C4}"
EndProject
Global
	GlobalSection(SolutionConfigurationPlatforms) = preSolution
		Debug|Any CPU = Debug|Any CPU
		Release|Any CPU = Release|Any CPU
	EndGlobalSection
	GlobalSection(ProjectConfigurationPlatforms) = postSolution
		{66EBDB39-7DBF-45C7-AB97-BA2B344EB5C4}.Debug|Any CPU.ActiveCfg = Debug|Any CPU
		{66EBDB39-7DBF-45C7-AB97-BA2B344EB5C4}.Debug|Any CPU.Build.0 = Debug|Any CPU
		{66EBDB39-7DBF-45C7-AB97-BA2B344EB5C4}.Release|Any CPU.ActiveCfg = Release|Any CPU
		{66EBDB39-7DBF-45C7-AB97-BA2B344EB5C4}.Release|Any CPU.Build.0 = Release|Any CPU
	EndGlobalSection
	GlobalSection(SolutionProperties) = preSolution
		HideSolutionNode = FALSE
	EndGlobalSection
	GlobalSection(ExtensibilityGlobals) = postSolution
		SolutionGuid = {52446C32-E316-424A-9E2C-EE67F110E85E}
	EndGlobalSection
EndGlobal
